
Microsoft Visual Studio Solution File, Format Version 12.00
# Visual Studio Version 16
VisualStudioVersion = 16.0.31910.168
MinimumVisualStudioVersion = 10.0.40219.1
Project("{9A19103F-16F7-4668-BE54-9A1E7A4F7556}") = "T01OddLines", "T01OddLines\T01OddLines.csproj", "{BCFF8FE6-D150-4D33-979C-A4817F9756D6}"
EndProject
Project("{9A19103F-16F7-4668-BE54-9A1E7A4F7556}") = "T02LineNumbers", "T02\T02LineNumbers.csproj", "{2A35D750-1069-45F0-88F8-F56D505E0B89}"
EndProject
Project("{9A19103F-16F7-4668-BE54-9A1E7A4F7556}") = "T03WordCount", "T03\T03WordCount.csproj", "{143A9892-8150-4548-81E8-9E8267CF17B9}"
EndProject
Project("{9A19103F-16F7-4668-BE54-9A1E7A4F7556}") = "T04MergeTextFiles", "T04\T04MergeTextFiles.csproj", "{05875808-9192-493A-97C3-7A5BC74A97E5}"
EndProject
Project("{FAE04EC0-301F-11D3-BF4B-00C04F79EFBC}") = "T05ExtractSpecialBytes", "T05\T05ExtractSpecialBytes.csproj", "{F65F1487-9C2F-4107-B38D-B422B37C82B1}"
EndProject
Global
	GlobalSection(SolutionConfigurationPlatforms) = preSolution
		Debug|Any CPU = Debug|Any CPU
		Release|Any CPU = Release|Any CPU
	EndGlobalSection
	GlobalSection(ProjectConfigurationPlatforms) = postSolution
		{BCFF8FE6-D150-4D33-979C-A4817F9756D6}.Debug|Any CPU.ActiveCfg = Debug|Any CPU
		{BCFF8FE6-D150-4D33-979C-A4817F9756D6}.Debug|Any CPU.Build.0 = Debug|Any CPU
		{BCFF8FE6-D150-4D33-979C-A4817F9756D6}.Release|Any CPU.ActiveCfg = Release|Any CPU
		{BCFF8FE6-D150-4D33-979C-A4817F9756D6}.Release|Any CPU.Build.0 = Release|Any CPU
		{2A35D750-1069-45F0-88F8-F56D505E0B89}.Debug|Any CPU.ActiveCfg = Debug|Any CPU
		{2A35D750-1069-45F0-88F8-F56D505E0B89}.Debug|Any CPU.Build.0 = Debug|Any CPU
		{2A35D750-1069-45F0-88F8-F56D505E0B89}.Release|Any CPU.ActiveCfg = Release|Any CPU
		{2A35D750-1069-45F0-88F8-F56D505E0B89}.Release|Any CPU.Build.0 = Release|Any CPU
		{143A9892-8150-4548-81E8-9E8267CF17B9}.Debug|Any CPU.ActiveCfg = Debug|Any CPU
		{143A9892-8150-4548-81E8-9E8267CF17B9}.Debug|Any CPU.Build.0 = Debug|Any CPU
		{143A9892-8150-4548-81E8-9E8267CF17B9}.Release|Any CPU.ActiveCfg = Release|Any CPU
		{143A9892-8150-4548-81E8-9E8267CF17B9}.Release|Any CPU.Build.0 = Release|Any CPU
		{05875808-9192-493A-97C3-7A5BC74A97E5}.Debug|Any CPU.ActiveCfg = Debug|Any CPU
		{05875808-9192-493A-97C3-7A5BC74A97E5}.Debug|Any CPU.Build.0 = Debug|Any CPU
		{05875808-9192-493A-97C3-7A5BC74A97E5}.Release|Any CPU.ActiveCfg = Release|Any CPU
		{05875808-9192-493A-97C3-7A5BC74A97E5}.Release|Any CPU.Build.0 = Release|Any CPU
		{F65F1487-9C2F-4107-B38D-B422B37C82B1}.Debug|Any CPU.ActiveCfg = Debug|Any CPU
		{F65F1487-9C2F-4107-B38D-B422B37C82B1}.Debug|Any CPU.Build.0 = Debug|Any CPU
		{F65F1487-9C2F-4107-B38D-B422B37C82B1}.Release|Any CPU.ActiveCfg = Release|Any CPU
		{F65F1487-9C2F-4107-B38D-B422B37C82B1}.Release|Any CPU.Build.0 = Release|Any CPU
	EndGlobalSection
	GlobalSection(SolutionProperties) = preSolution
		HideSolutionNode = FALSE
	EndGlobalSection
	GlobalSection(ExtensibilityGlobals) = postSolution
		SolutionGuid = {291CCB6F-568A-4E38-8199-FAD0DDEDA50C}
	EndGlobalSection
EndGlobal
