
Microsoft Visual Studio Solution File, Format Version 12.00
# Visual Studio Version 16
VisualStudioVersion = 16.0.31910.168
MinimumVisualStudioVersion = 10.0.40219.1
Project("{FAE04EC0-301F-11D3-BF4B-00C04F79EFBC}") = "IteratorsAndComparators", "IteratorsAndComparators\IteratorsAndComparators.csproj", "{A92AADE1-7491-482F-9061-8772EBD98A25}"
EndProject
Global
	GlobalSection(SolutionConfigurationPlatforms) = preSolution
		Debug|Any CPU = Debug|Any CPU
		Release|Any CPU = Release|Any CPU
	EndGlobalSection
	GlobalSection(ProjectConfigurationPlatforms) = postSolution
		{A92AADE1-7491-482F-9061-8772EBD98A25}.Debug|Any CPU.ActiveCfg = Debug|Any CPU
		{A92AADE1-7491-482F-9061-8772EBD98A25}.Debug|Any CPU.Build.0 = Debug|Any CPU
		{A92AADE1-7491-482F-9061-8772EBD98A25}.Release|Any CPU.ActiveCfg = Release|Any CPU
		{A92AADE1-7491-482F-9061-8772EBD98A25}.Release|Any CPU.Build.0 = Release|Any CPU
	EndGlobalSection
	GlobalSection(SolutionProperties) = preSolution
		HideSolutionNode = FALSE
	EndGlobalSection
	GlobalSection(ExtensibilityGlobals) = postSolution
		SolutionGuid = {EFE93DF1-62A9-4FC9-8296-C822E9B36F0A}
	EndGlobalSection
EndGlobal
