
Microsoft Visual Studio Solution File, Format Version 12.00
# Visual Studio Version 16
VisualStudioVersion = 16.0.31910.168
MinimumVisualStudioVersion = 10.0.40219.1
Project("{FAE04EC0-301F-11D3-BF4B-00C04F79EFBC}") = "T01SortEvenNumbers", "T01SortEvenNumbers\T01SortEvenNumbers.csproj", "{A8593ED3-AB40-46CA-9FEF-C30A6EC67E9D}"
EndProject
Project("{FAE04EC0-301F-11D3-BF4B-00C04F79EFBC}") = "T02SumNumbers", "T02SumNumbers\T02SumNumbers.csproj", "{89D401AC-9C53-4616-AC27-91FFAE6B76A2}"
EndProject
Project("{FAE04EC0-301F-11D3-BF4B-00C04F79EFBC}") = "T03CountUppercaseWords", "T03CountUppercaseWords\T03CountUppercaseWords.csproj", "{F9E0688F-C5D0-4581-9B6D-0F4E8129CC60}"
EndProject
Project("{FAE04EC0-301F-11D3-BF4B-00C04F79EFBC}") = "T04AddVAT", "T04AddVAT\T04AddVAT.csproj", "{3334D387-2059-407D-944F-5EB5FBAF83BB}"
EndProject
Project("{FAE04EC0-301F-11D3-BF4B-00C04F79EFBC}") = "T05FilterByAge", "T05FilterByAge\T05FilterByAge.csproj", "{264541B4-B984-4F6D-8800-6EEBBC52B6E8}"
EndProject
Global
	GlobalSection(SolutionConfigurationPlatforms) = preSolution
		Debug|Any CPU = Debug|Any CPU
		Release|Any CPU = Release|Any CPU
	EndGlobalSection
	GlobalSection(ProjectConfigurationPlatforms) = postSolution
		{A8593ED3-AB40-46CA-9FEF-C30A6EC67E9D}.Debug|Any CPU.ActiveCfg = Debug|Any CPU
		{A8593ED3-AB40-46CA-9FEF-C30A6EC67E9D}.Debug|Any CPU.Build.0 = Debug|Any CPU
		{A8593ED3-AB40-46CA-9FEF-C30A6EC67E9D}.Release|Any CPU.ActiveCfg = Release|Any CPU
		{A8593ED3-AB40-46CA-9FEF-C30A6EC67E9D}.Release|Any CPU.Build.0 = Release|Any CPU
		{89D401AC-9C53-4616-AC27-91FFAE6B76A2}.Debug|Any CPU.ActiveCfg = Debug|Any CPU
		{89D401AC-9C53-4616-AC27-91FFAE6B76A2}.Debug|Any CPU.Build.0 = Debug|Any CPU
		{89D401AC-9C53-4616-AC27-91FFAE6B76A2}.Release|Any CPU.ActiveCfg = Release|Any CPU
		{89D401AC-9C53-4616-AC27-91FFAE6B76A2}.Release|Any CPU.Build.0 = Release|Any CPU
		{F9E0688F-C5D0-4581-9B6D-0F4E8129CC60}.Debug|Any CPU.ActiveCfg = Debug|Any CPU
		{F9E0688F-C5D0-4581-9B6D-0F4E8129CC60}.Debug|Any CPU.Build.0 = Debug|Any CPU
		{F9E0688F-C5D0-4581-9B6D-0F4E8129CC60}.Release|Any CPU.ActiveCfg = Release|Any CPU
		{F9E0688F-C5D0-4581-9B6D-0F4E8129CC60}.Release|Any CPU.Build.0 = Release|Any CPU
		{3334D387-2059-407D-944F-5EB5FBAF83BB}.Debug|Any CPU.ActiveCfg = Debug|Any CPU
		{3334D387-2059-407D-944F-5EB5FBAF83BB}.Debug|Any CPU.Build.0 = Debug|Any CPU
		{3334D387-2059-407D-944F-5EB5FBAF83BB}.Release|Any CPU.ActiveCfg = Release|Any CPU
		{3334D387-2059-407D-944F-5EB5FBAF83BB}.Release|Any CPU.Build.0 = Release|Any CPU
		{264541B4-B984-4F6D-8800-6EEBBC52B6E8}.Debug|Any CPU.ActiveCfg = Debug|Any CPU
		{264541B4-B984-4F6D-8800-6EEBBC52B6E8}.Debug|Any CPU.Build.0 = Debug|Any CPU
		{264541B4-B984-4F6D-8800-6EEBBC52B6E8}.Release|Any CPU.ActiveCfg = Release|Any CPU
		{264541B4-B984-4F6D-8800-6EEBBC52B6E8}.Release|Any CPU.Build.0 = Release|Any CPU
	EndGlobalSection
	GlobalSection(SolutionProperties) = preSolution
		HideSolutionNode = FALSE
	EndGlobalSection
	GlobalSection(ExtensibilityGlobals) = postSolution
		SolutionGuid = {AB7C9A6F-9727-4781-A9CC-B7B4E9056922}
	EndGlobalSection
EndGlobal
