
Microsoft Visual Studio Solution File, Format Version 12.00
# Visual Studio Version 16
VisualStudioVersion = 16.0.31702.278
MinimumVisualStudioVersion = 10.0.40219.1
Project("{FAE04EC0-301F-11D3-BF4B-00C04F79EFBC}") = "01. Furniture", "01. Furniture\01. Furniture.csproj", "{FF306FCF-12FD-4DFD-B27E-C989398E18CA}"
EndProject
Project("{FAE04EC0-301F-11D3-BF4B-00C04F79EFBC}") = "T02Race", "T02Race\T02Race.csproj", "{6FAA35A4-9419-40D3-826B-52A8243BF152}"
EndProject
Project("{FAE04EC0-301F-11D3-BF4B-00C04F79EFBC}") = "T03SoftUniBarIncome", "T03SoftUniBarIncome\T03SoftUniBarIncome.csproj", "{CDCA6BB2-087C-4EE3-A8DB-390B44F28E8B}"
EndProject
Global
	GlobalSection(SolutionConfigurationPlatforms) = preSolution
		Debug|Any CPU = Debug|Any CPU
		Release|Any CPU = Release|Any CPU
	EndGlobalSection
	GlobalSection(ProjectConfigurationPlatforms) = postSolution
		{FF306FCF-12FD-4DFD-B27E-C989398E18CA}.Debug|Any CPU.ActiveCfg = Debug|Any CPU
		{FF306FCF-12FD-4DFD-B27E-C989398E18CA}.Debug|Any CPU.Build.0 = Debug|Any CPU
		{FF306FCF-12FD-4DFD-B27E-C989398E18CA}.Release|Any CPU.ActiveCfg = Release|Any CPU
		{FF306FCF-12FD-4DFD-B27E-C989398E18CA}.Release|Any CPU.Build.0 = Release|Any CPU
		{6FAA35A4-9419-40D3-826B-52A8243BF152}.Debug|Any CPU.ActiveCfg = Debug|Any CPU
		{6FAA35A4-9419-40D3-826B-52A8243BF152}.Debug|Any CPU.Build.0 = Debug|Any CPU
		{6FAA35A4-9419-40D3-826B-52A8243BF152}.Release|Any CPU.ActiveCfg = Release|Any CPU
		{6FAA35A4-9419-40D3-826B-52A8243BF152}.Release|Any CPU.Build.0 = Release|Any CPU
		{CDCA6BB2-087C-4EE3-A8DB-390B44F28E8B}.Debug|Any CPU.ActiveCfg = Debug|Any CPU
		{CDCA6BB2-087C-4EE3-A8DB-390B44F28E8B}.Debug|Any CPU.Build.0 = Debug|Any CPU
		{CDCA6BB2-087C-4EE3-A8DB-390B44F28E8B}.Release|Any CPU.ActiveCfg = Release|Any CPU
		{CDCA6BB2-087C-4EE3-A8DB-390B44F28E8B}.Release|Any CPU.Build.0 = Release|Any CPU
	EndGlobalSection
	GlobalSection(SolutionProperties) = preSolution
		HideSolutionNode = FALSE
	EndGlobalSection
	GlobalSection(ExtensibilityGlobals) = postSolution
		SolutionGuid = {31069AB6-5203-4BDE-8519-03206AA21EB0}
	EndGlobalSection
EndGlobal
