
Microsoft Visual Studio Solution File, Format Version 12.00
# Visual Studio Version 16
VisualStudioVersion = 16.0.31910.168
MinimumVisualStudioVersion = 10.0.40219.1
Project("{9A19103F-16F7-4668-BE54-9A1E7A4F7556}") = "T01BasicStackOperations", "T01BasicStackOperations\T01BasicStackOperations.csproj", "{89D1DB2D-FE96-4A29-B86B-D17DE316320F}"
EndProject
Project("{9A19103F-16F7-4668-BE54-9A1E7A4F7556}") = "T02BasicQueueOperations", "T02BasicQueueOperations\T02BasicQueueOperations.csproj", "{ECFD1A53-8CA6-49E1-AEC5-2FE612B57DD3}"
EndProject
Project("{9A19103F-16F7-4668-BE54-9A1E7A4F7556}") = "T03MaximumAndMinimumElement", "T03MaximumAndMinimumElement\T03MaximumAndMinimumElement.csproj", "{CAD4EB88-FB30-4EEF-ADCF-743E794184F5}"
EndProject
Project("{9A19103F-16F7-4668-BE54-9A1E7A4F7556}") = "T04FastFood", "T04FastFood\T04FastFood.csproj", "{8D56E87E-873C-49C2-8426-9ED44A836088}"
EndProject
Project("{9A19103F-16F7-4668-BE54-9A1E7A4F7556}") = "T05FashionBoutique", "T05FashionBoutique\T05FashionBoutique.csproj", "{B669D06A-D4BF-4D30-809A-62072AAC0E6B}"
EndProject
Project("{9A19103F-16F7-4668-BE54-9A1E7A4F7556}") = "T06SongsQueue", "T06SongsQueue\T06SongsQueue.csproj", "{4D5BD036-CA87-40EB-B710-AF7BF45A0315}"
EndProject
Project("{9A19103F-16F7-4668-BE54-9A1E7A4F7556}") = "T07TruckTour", "T07TruckTour\T07TruckTour.csproj", "{C3F67BDE-1899-456A-BAE3-937F3359FB74}"
EndProject
Project("{FAE04EC0-301F-11D3-BF4B-00C04F79EFBC}") = "T08BalancedParenthesis", "T08BalancedParenthesis\T08BalancedParenthesis.csproj", "{B3387B78-15BD-4340-8139-68F95C213937}"
EndProject
Project("{FAE04EC0-301F-11D3-BF4B-00C04F79EFBC}") = "T09SimpleTextEditor", "T09SimpleTextEditor\T09SimpleTextEditor.csproj", "{0F28A8A4-EA50-4719-B69C-9E78F81E1653}"
EndProject
Global
	GlobalSection(SolutionConfigurationPlatforms) = preSolution
		Debug|Any CPU = Debug|Any CPU
		Release|Any CPU = Release|Any CPU
	EndGlobalSection
	GlobalSection(ProjectConfigurationPlatforms) = postSolution
		{89D1DB2D-FE96-4A29-B86B-D17DE316320F}.Debug|Any CPU.ActiveCfg = Debug|Any CPU
		{89D1DB2D-FE96-4A29-B86B-D17DE316320F}.Debug|Any CPU.Build.0 = Debug|Any CPU
		{89D1DB2D-FE96-4A29-B86B-D17DE316320F}.Release|Any CPU.ActiveCfg = Release|Any CPU
		{89D1DB2D-FE96-4A29-B86B-D17DE316320F}.Release|Any CPU.Build.0 = Release|Any CPU
		{ECFD1A53-8CA6-49E1-AEC5-2FE612B57DD3}.Debug|Any CPU.ActiveCfg = Debug|Any CPU
		{ECFD1A53-8CA6-49E1-AEC5-2FE612B57DD3}.Debug|Any CPU.Build.0 = Debug|Any CPU
		{ECFD1A53-8CA6-49E1-AEC5-2FE612B57DD3}.Release|Any CPU.ActiveCfg = Release|Any CPU
		{ECFD1A53-8CA6-49E1-AEC5-2FE612B57DD3}.Release|Any CPU.Build.0 = Release|Any CPU
		{CAD4EB88-FB30-4EEF-ADCF-743E794184F5}.Debug|Any CPU.ActiveCfg = Debug|Any CPU
		{CAD4EB88-FB30-4EEF-ADCF-743E794184F5}.Debug|Any CPU.Build.0 = Debug|Any CPU
		{CAD4EB88-FB30-4EEF-ADCF-743E794184F5}.Release|Any CPU.ActiveCfg = Release|Any CPU
		{CAD4EB88-FB30-4EEF-ADCF-743E794184F5}.Release|Any CPU.Build.0 = Release|Any CPU
		{8D56E87E-873C-49C2-8426-9ED44A836088}.Debug|Any CPU.ActiveCfg = Debug|Any CPU
		{8D56E87E-873C-49C2-8426-9ED44A836088}.Debug|Any CPU.Build.0 = Debug|Any CPU
		{8D56E87E-873C-49C2-8426-9ED44A836088}.Release|Any CPU.ActiveCfg = Release|Any CPU
		{8D56E87E-873C-49C2-8426-9ED44A836088}.Release|Any CPU.Build.0 = Release|Any CPU
		{B669D06A-D4BF-4D30-809A-62072AAC0E6B}.Debug|Any CPU.ActiveCfg = Debug|Any CPU
		{B669D06A-D4BF-4D30-809A-62072AAC0E6B}.Debug|Any CPU.Build.0 = Debug|Any CPU
		{B669D06A-D4BF-4D30-809A-62072AAC0E6B}.Release|Any CPU.ActiveCfg = Release|Any CPU
		{B669D06A-D4BF-4D30-809A-62072AAC0E6B}.Release|Any CPU.Build.0 = Release|Any CPU
		{4D5BD036-CA87-40EB-B710-AF7BF45A0315}.Debug|Any CPU.ActiveCfg = Debug|Any CPU
		{4D5BD036-CA87-40EB-B710-AF7BF45A0315}.Debug|Any CPU.Build.0 = Debug|Any CPU
		{4D5BD036-CA87-40EB-B710-AF7BF45A0315}.Release|Any CPU.ActiveCfg = Release|Any CPU
		{4D5BD036-CA87-40EB-B710-AF7BF45A0315}.Release|Any CPU.Build.0 = Release|Any CPU
		{C3F67BDE-1899-456A-BAE3-937F3359FB74}.Debug|Any CPU.ActiveCfg = Debug|Any CPU
		{C3F67BDE-1899-456A-BAE3-937F3359FB74}.Debug|Any CPU.Build.0 = Debug|Any CPU
		{C3F67BDE-1899-456A-BAE3-937F3359FB74}.Release|Any CPU.ActiveCfg = Release|Any CPU
		{C3F67BDE-1899-456A-BAE3-937F3359FB74}.Release|Any CPU.Build.0 = Release|Any CPU
		{B3387B78-15BD-4340-8139-68F95C213937}.Debug|Any CPU.ActiveCfg = Debug|Any CPU
		{B3387B78-15BD-4340-8139-68F95C213937}.Debug|Any CPU.Build.0 = Debug|Any CPU
		{B3387B78-15BD-4340-8139-68F95C213937}.Release|Any CPU.ActiveCfg = Release|Any CPU
		{B3387B78-15BD-4340-8139-68F95C213937}.Release|Any CPU.Build.0 = Release|Any CPU
		{0F28A8A4-EA50-4719-B69C-9E78F81E1653}.Debug|Any CPU.ActiveCfg = Debug|Any CPU
		{0F28A8A4-EA50-4719-B69C-9E78F81E1653}.Debug|Any CPU.Build.0 = Debug|Any CPU
		{0F28A8A4-EA50-4719-B69C-9E78F81E1653}.Release|Any CPU.ActiveCfg = Release|Any CPU
		{0F28A8A4-EA50-4719-B69C-9E78F81E1653}.Release|Any CPU.Build.0 = Release|Any CPU
	EndGlobalSection
	GlobalSection(SolutionProperties) = preSolution
		HideSolutionNode = FALSE
	EndGlobalSection
	GlobalSection(ExtensibilityGlobals) = postSolution
		SolutionGuid = {7D368FC1-BFFB-47D4-A761-3D2EE2B9C316}
	EndGlobalSection
EndGlobal
