
Microsoft Visual Studio Solution File, Format Version 12.00
# Visual Studio Version 16
VisualStudioVersion = 16.0.31910.168
MinimumVisualStudioVersion = 10.0.40219.1
Project("{FAE04EC0-301F-11D3-BF4B-00C04F79EFBC}") = "Shapes", "Shapes\Shapes.csproj", "{A0249EE5-9207-4856-9816-6BED30430B10}"
EndProject
Project("{FAE04EC0-301F-11D3-BF4B-00C04F79EFBC}") = "Cars", "Cars\Cars.csproj", "{5BA445E1-9E46-45F7-A051-BB0ACF25FBB9}"
EndProject
Global
	GlobalSection(SolutionConfigurationPlatforms) = preSolution
		Debug|Any CPU = Debug|Any CPU
		Release|Any CPU = Release|Any CPU
	EndGlobalSection
	GlobalSection(ProjectConfigurationPlatforms) = postSolution
		{A0249EE5-9207-4856-9816-6BED30430B10}.Debug|Any CPU.ActiveCfg = Debug|Any CPU
		{A0249EE5-9207-4856-9816-6BED30430B10}.Debug|Any CPU.Build.0 = Debug|Any CPU
		{A0249EE5-9207-4856-9816-6BED30430B10}.Release|Any CPU.ActiveCfg = Release|Any CPU
		{A0249EE5-9207-4856-9816-6BED30430B10}.Release|Any CPU.Build.0 = Release|Any CPU
		{5BA445E1-9E46-45F7-A051-BB0ACF25FBB9}.Debug|Any CPU.ActiveCfg = Debug|Any CPU
		{5BA445E1-9E46-45F7-A051-BB0ACF25FBB9}.Debug|Any CPU.Build.0 = Debug|Any CPU
		{5BA445E1-9E46-45F7-A051-BB0ACF25FBB9}.Release|Any CPU.ActiveCfg = Release|Any CPU
		{5BA445E1-9E46-45F7-A051-BB0ACF25FBB9}.Release|Any CPU.Build.0 = Release|Any CPU
	EndGlobalSection
	GlobalSection(SolutionProperties) = preSolution
		HideSolutionNode = FALSE
	EndGlobalSection
	GlobalSection(ExtensibilityGlobals) = postSolution
		SolutionGuid = {72B0B91A-37F8-4F47-B8EA-6303D0D6FE43}
	EndGlobalSection
EndGlobal
