
Microsoft Visual Studio Solution File, Format Version 12.00
# Visual Studio Version 16
VisualStudioVersion = 16.0.31910.168
MinimumVisualStudioVersion = 10.0.40219.1
Project("{9A19103F-16F7-4668-BE54-9A1E7A4F7556}") = "ClassBoxData", "Box\ClassBoxData.csproj", "{1ABCF91A-EBA6-4DE0-BDC0-9DA86684A39C}"
EndProject
Project("{9A19103F-16F7-4668-BE54-9A1E7A4F7556}") = "ShoppingSpree", "Shopping Spree\ShoppingSpree.csproj", "{8E07CADC-72A3-45FD-9B10-D9434036A173}"
EndProject
Project("{FAE04EC0-301F-11D3-BF4B-00C04F79EFBC}") = "PizzaCalories", "PizzaCalories\PizzaCalories.csproj", "{6C67CAEF-804B-451F-9F65-DB11ADF94193}"
EndProject
Global
	GlobalSection(SolutionConfigurationPlatforms) = preSolution
		Debug|Any CPU = Debug|Any CPU
		Release|Any CPU = Release|Any CPU
	EndGlobalSection
	GlobalSection(ProjectConfigurationPlatforms) = postSolution
		{1ABCF91A-EBA6-4DE0-BDC0-9DA86684A39C}.Debug|Any CPU.ActiveCfg = Debug|Any CPU
		{1ABCF91A-EBA6-4DE0-BDC0-9DA86684A39C}.Debug|Any CPU.Build.0 = Debug|Any CPU
		{1ABCF91A-EBA6-4DE0-BDC0-9DA86684A39C}.Release|Any CPU.ActiveCfg = Release|Any CPU
		{1ABCF91A-EBA6-4DE0-BDC0-9DA86684A39C}.Release|Any CPU.Build.0 = Release|Any CPU
		{8E07CADC-72A3-45FD-9B10-D9434036A173}.Debug|Any CPU.ActiveCfg = Debug|Any CPU
		{8E07CADC-72A3-45FD-9B10-D9434036A173}.Debug|Any CPU.Build.0 = Debug|Any CPU
		{8E07CADC-72A3-45FD-9B10-D9434036A173}.Release|Any CPU.ActiveCfg = Release|Any CPU
		{8E07CADC-72A3-45FD-9B10-D9434036A173}.Release|Any CPU.Build.0 = Release|Any CPU
		{6C67CAEF-804B-451F-9F65-DB11ADF94193}.Debug|Any CPU.ActiveCfg = Debug|Any CPU
		{6C67CAEF-804B-451F-9F65-DB11ADF94193}.Debug|Any CPU.Build.0 = Debug|Any CPU
		{6C67CAEF-804B-451F-9F65-DB11ADF94193}.Release|Any CPU.ActiveCfg = Release|Any CPU
		{6C67CAEF-804B-451F-9F65-DB11ADF94193}.Release|Any CPU.Build.0 = Release|Any CPU
	EndGlobalSection
	GlobalSection(SolutionProperties) = preSolution
		HideSolutionNode = FALSE
	EndGlobalSection
	GlobalSection(ExtensibilityGlobals) = postSolution
		SolutionGuid = {531597A7-04D5-44A2-B0AE-D6357FB9D078}
	EndGlobalSection
EndGlobal
